// !$*UTF8*$!
{
	archiveVersion = 1;
	classes = {
	};
	objectVersion = 46;
	objects = {

/* Begin PBXBuildFile section */
		062DEF3FE70021E7CF17EEF5 /* Pods_mittyTests.framework in Frameworks */ = {isa = PBXBuildFile; fileRef = 2E525DDBBAAAD702F2F3A28B /* Pods_mittyTests.framework */; };
		29588B077CD53C553381DDA6 /* Pods_mitty.framework in Frameworks */ = {isa = PBXBuildFile; fileRef = 61F362287AC99640C55568B9 /* Pods_mitty.framework */; };
		4EF66DA6274B45BE5D4399D8 /* Pods_mittyUITests.framework in Frameworks */ = {isa = PBXBuildFile; fileRef = 27EA11B20924EA0230A00C2C /* Pods_mittyUITests.framework */; };
		F41D4E3A1DAE7FDF003A96AA /* hoge.png in Resources */ = {isa = PBXBuildFile; fileRef = F41D4E391DAE7FDF003A96AA /* hoge.png */; };
		F42CDE4E1DCD74A8001CAFBE /* Localizable.strings in Resources */ = {isa = PBXBuildFile; fileRef = F42CDE501DCD74A8001CAFBE /* Localizable.strings */; };
		F42CDE531DCD7525001CAFBE /* Strings.swift in Sources */ = {isa = PBXBuildFile; fileRef = F42CDE521DCD7525001CAFBE /* Strings.swift */; };
		F46601ED1DB372760012D898 /* Sample.png in Resources */ = {isa = PBXBuildFile; fileRef = F46601EB1DB372760012D898 /* Sample.png */; };
		F46601EE1DB372760012D898 /* welcom.png in Resources */ = {isa = PBXBuildFile; fileRef = F46601EC1DB372760012D898 /* welcom.png */; };
		F4AEAB031DAD3F2C007DEB80 /* AppDelegate.swift in Sources */ = {isa = PBXBuildFile; fileRef = F4AEAB021DAD3F2C007DEB80 /* AppDelegate.swift */; };
		F4AEAB0A1DAD3F2C007DEB80 /* Assets.xcassets in Resources */ = {isa = PBXBuildFile; fileRef = F4AEAB091DAD3F2C007DEB80 /* Assets.xcassets */; };
		F4AEAB181DAD3F2D007DEB80 /* mittyTests.swift in Sources */ = {isa = PBXBuildFile; fileRef = F4AEAB171DAD3F2D007DEB80 /* mittyTests.swift */; };
		F4AEAB231DAD3F2D007DEB80 /* mittyUITests.swift in Sources */ = {isa = PBXBuildFile; fileRef = F4AEAB221DAD3F2D007DEB80 /* mittyUITests.swift */; };
		F4BB801E1DAE577300055D48 /* MainTabBarController.swift in Sources */ = {isa = PBXBuildFile; fileRef = F4BB801D1DAE577300055D48 /* MainTabBarController.swift */; };
		F4BB80201DAE57A300055D48 /* ActivityViewController.swift in Sources */ = {isa = PBXBuildFile; fileRef = F4BB801F1DAE57A300055D48 /* ActivityViewController.swift */; };
		F4BB80221DAE58E000055D48 /* IslandViewController.swift in Sources */ = {isa = PBXBuildFile; fileRef = F4BB80211DAE58E000055D48 /* IslandViewController.swift */; };
		F4BB80241DAE58F300055D48 /* SocialViewController.swift in Sources */ = {isa = PBXBuildFile; fileRef = F4BB80231DAE58F300055D48 /* SocialViewController.swift */; };
		F4BB80261DAE58FE00055D48 /* MyselfViewController.swift in Sources */ = {isa = PBXBuildFile; fileRef = F4BB80251DAE58FE00055D48 /* MyselfViewController.swift */; };
		FC0AF1E71DC4F3F200C76408 /* ApplicationContext.swift in Sources */ = {isa = PBXBuildFile; fileRef = FC0AF1E61DC4F3F200C76408 /* ApplicationContext.swift */; };
		FC0AF1ED1DC4F61B00C76408 /* Service.swift in Sources */ = {isa = PBXBuildFile; fileRef = FC0AF1EC1DC4F61B00C76408 /* Service.swift */; };
		FC0AF1EF1DC4F63300C76408 /* Datastore.swift in Sources */ = {isa = PBXBuildFile; fileRef = FC0AF1EE1DC4F63300C76408 /* Datastore.swift */; };
		FC0AF1F11DC4F65100C76408 /* Model.swift in Sources */ = {isa = PBXBuildFile; fileRef = FC0AF1F01DC4F65100C76408 /* Model.swift */; };
		FC0AF1FB1DC5087A00C76408 /* social.png in Resources */ = {isa = PBXBuildFile; fileRef = FC0AF1FA1DC5087A00C76408 /* social.png */; };
		FC0AF1FD1DC5088400C76408 /* activity.png in Resources */ = {isa = PBXBuildFile; fileRef = FC0AF1FC1DC5088400C76408 /* activity.png */; };
		FC0AF1FF1DC5089C00C76408 /* island.png in Resources */ = {isa = PBXBuildFile; fileRef = FC0AF1FE1DC5089C00C76408 /* island.png */; };
		FC0AF2011DC508A700C76408 /* myself.png in Resources */ = {isa = PBXBuildFile; fileRef = FC0AF2001DC508A700C76408 /* myself.png */; };
		FC427B821DCACB43009F43AE /* EventCell.swift in Sources */ = {isa = PBXBuildFile; fileRef = FC427B801DCACB43009F43AE /* EventCell.swift */; };
		FC427B831DCACB43009F43AE /* HomeViewController.swift in Sources */ = {isa = PBXBuildFile; fileRef = FC427B811DCACB43009F43AE /* HomeViewController.swift */; };
		FC427B8E1DCAFDE1009F43AE /* event1.png in Resources */ = {isa = PBXBuildFile; fileRef = FC427B881DCAFDE1009F43AE /* event1.png */; };
		FC427B8F1DCAFDE1009F43AE /* event2.png in Resources */ = {isa = PBXBuildFile; fileRef = FC427B891DCAFDE1009F43AE /* event2.png */; };
		FC427B901DCAFDE1009F43AE /* event3.png in Resources */ = {isa = PBXBuildFile; fileRef = FC427B8A1DCAFDE1009F43AE /* event3.png */; };
		FC427B911DCAFDE1009F43AE /* event4.png in Resources */ = {isa = PBXBuildFile; fileRef = FC427B8B1DCAFDE1009F43AE /* event4.png */; };
		FC427B921DCAFDE1009F43AE /* event5.png in Resources */ = {isa = PBXBuildFile; fileRef = FC427B8C1DCAFDE1009F43AE /* event5.png */; };
		FC427B931DCAFDE1009F43AE /* event6.png in Resources */ = {isa = PBXBuildFile; fileRef = FC427B8D1DCAFDE1009F43AE /* event6.png */; };
		FC427B951DCB5BA9009F43AE /* EventDetailViewController.swift in Sources */ = {isa = PBXBuildFile; fileRef = FC427B941DCB5BA9009F43AE /* EventDetailViewController.swift */; };
		FC8D70141DC8D9CD0083E8E4 /* write.png in Resources */ = {isa = PBXBuildFile; fileRef = FC8D70131DC8D9CD0083E8E4 /* write.png */; };
		FC8D70161DC8DCA80083E8E4 /* button.png in Resources */ = {isa = PBXBuildFile; fileRef = FC8D70151DC8DCA80083E8E4 /* button.png */; };
		FC8D70181DC8F4FF0083E8E4 /* search.png in Resources */ = {isa = PBXBuildFile; fileRef = FC8D70171DC8F4FF0083E8E4 /* search.png */; };
		FCF0BBF31DC7934E009C5C1F /* home.png in Resources */ = {isa = PBXBuildFile; fileRef = FCF0BBF21DC7934E009C5C1F /* home.png */; };
		FCF9575C1DC6146400A52125 /* ViewControllerFactory.swift in Sources */ = {isa = PBXBuildFile; fileRef = FCF9575B1DC6146400A52125 /* ViewControllerFactory.swift */; };
		FCF957601DC6471D00A52125 /* RegisterPersonalInfoViewController.swift in Sources */ = {isa = PBXBuildFile; fileRef = FCF9575F1DC6471D00A52125 /* RegisterPersonalInfoViewController.swift */; };
/* End PBXBuildFile section */

/* Begin PBXContainerItemProxy section */
		F4AEAB141DAD3F2C007DEB80 /* PBXContainerItemProxy */ = {
			isa = PBXContainerItemProxy;
			containerPortal = F4AEAAF71DAD3F2C007DEB80 /* Project object */;
			proxyType = 1;
			remoteGlobalIDString = F4AEAAFE1DAD3F2C007DEB80;
			remoteInfo = mitty;
		};
		F4AEAB1F1DAD3F2D007DEB80 /* PBXContainerItemProxy */ = {
			isa = PBXContainerItemProxy;
			containerPortal = F4AEAAF71DAD3F2C007DEB80 /* Project object */;
			proxyType = 1;
			remoteGlobalIDString = F4AEAAFE1DAD3F2C007DEB80;
			remoteInfo = mitty;
		};
/* End PBXContainerItemProxy section */

/* Begin PBXFileReference section */
		1EB95DE3B7D0E951A7ECB29A /* Pods-mittyTests.release.xcconfig */ = {isa = PBXFileReference; includeInIndex = 1; lastKnownFileType = text.xcconfig; name = "Pods-mittyTests.release.xcconfig"; path = "Pods/Target Support Files/Pods-mittyTests/Pods-mittyTests.release.xcconfig"; sourceTree = "<group>"; };
		27EA11B20924EA0230A00C2C /* Pods_mittyUITests.framework */ = {isa = PBXFileReference; explicitFileType = wrapper.framework; includeInIndex = 0; path = Pods_mittyUITests.framework; sourceTree = BUILT_PRODUCTS_DIR; };
		2E3D19B86FC21418F9DD2F3F /* Pods-mittyUITests.debug.xcconfig */ = {isa = PBXFileReference; includeInIndex = 1; lastKnownFileType = text.xcconfig; name = "Pods-mittyUITests.debug.xcconfig"; path = "Pods/Target Support Files/Pods-mittyUITests/Pods-mittyUITests.debug.xcconfig"; sourceTree = "<group>"; };
		2E525DDBBAAAD702F2F3A28B /* Pods_mittyTests.framework */ = {isa = PBXFileReference; explicitFileType = wrapper.framework; includeInIndex = 0; path = Pods_mittyTests.framework; sourceTree = BUILT_PRODUCTS_DIR; };
		49E68BA6F432E5ECF64B5380 /* Pods-mitty.debug.xcconfig */ = {isa = PBXFileReference; includeInIndex = 1; lastKnownFileType = text.xcconfig; name = "Pods-mitty.debug.xcconfig"; path = "Pods/Target Support Files/Pods-mitty/Pods-mitty.debug.xcconfig"; sourceTree = "<group>"; };
		58191E3D216F1D2D35C946F0 /* Pods-mittyUITests.release.xcconfig */ = {isa = PBXFileReference; includeInIndex = 1; lastKnownFileType = text.xcconfig; name = "Pods-mittyUITests.release.xcconfig"; path = "Pods/Target Support Files/Pods-mittyUITests/Pods-mittyUITests.release.xcconfig"; sourceTree = "<group>"; };
		61F362287AC99640C55568B9 /* Pods_mitty.framework */ = {isa = PBXFileReference; explicitFileType = wrapper.framework; includeInIndex = 0; path = Pods_mitty.framework; sourceTree = BUILT_PRODUCTS_DIR; };
		BB944AF4113670B4F0CAFB2F /* Pods-mitty.release.xcconfig */ = {isa = PBXFileReference; includeInIndex = 1; lastKnownFileType = text.xcconfig; name = "Pods-mitty.release.xcconfig"; path = "Pods/Target Support Files/Pods-mitty/Pods-mitty.release.xcconfig"; sourceTree = "<group>"; };
		EBBC4AEDFE4CFDC20643BDFA /* Pods-mittyTests.debug.xcconfig */ = {isa = PBXFileReference; includeInIndex = 1; lastKnownFileType = text.xcconfig; name = "Pods-mittyTests.debug.xcconfig"; path = "Pods/Target Support Files/Pods-mittyTests/Pods-mittyTests.debug.xcconfig"; sourceTree = "<group>"; };
		F41D4E391DAE7FDF003A96AA /* hoge.png */ = {isa = PBXFileReference; lastKnownFileType = image.png; name = hoge.png; path = images/hoge.png; sourceTree = "<group>"; };
		F42CDE4F1DCD74A8001CAFBE /* en */ = {isa = PBXFileReference; lastKnownFileType = text.plist.strings; name = en; path = en.lproj/Localizable.strings; sourceTree = "<group>"; };
		F42CDE511DCD74D0001CAFBE /* ja */ = {isa = PBXFileReference; lastKnownFileType = text.plist.strings; name = ja; path = ja.lproj/Localizable.strings; sourceTree = "<group>"; };
		F42CDE521DCD7525001CAFBE /* Strings.swift */ = {isa = PBXFileReference; fileEncoding = 4; lastKnownFileType = sourcecode.swift; path = Strings.swift; sourceTree = "<group>"; };
		F46601EB1DB372760012D898 /* Sample.png */ = {isa = PBXFileReference; lastKnownFileType = image.png; name = Sample.png; path = images/Sample.png; sourceTree = "<group>"; };
		F46601EC1DB372760012D898 /* welcom.png */ = {isa = PBXFileReference; lastKnownFileType = image.png; name = welcom.png; path = images/welcom.png; sourceTree = "<group>"; };
		F4AEAAFF1DAD3F2C007DEB80 /* mitty.app */ = {isa = PBXFileReference; explicitFileType = wrapper.application; includeInIndex = 0; path = mitty.app; sourceTree = BUILT_PRODUCTS_DIR; };
		F4AEAB021DAD3F2C007DEB80 /* AppDelegate.swift */ = {isa = PBXFileReference; lastKnownFileType = sourcecode.swift; path = AppDelegate.swift; sourceTree = "<group>"; };
		F4AEAB091DAD3F2C007DEB80 /* Assets.xcassets */ = {isa = PBXFileReference; lastKnownFileType = folder.assetcatalog; path = Assets.xcassets; sourceTree = "<group>"; };
		F4AEAB0E1DAD3F2C007DEB80 /* Info.plist */ = {isa = PBXFileReference; lastKnownFileType = text.plist.xml; path = Info.plist; sourceTree = "<group>"; };
		F4AEAB131DAD3F2C007DEB80 /* mittyTests.xctest */ = {isa = PBXFileReference; explicitFileType = wrapper.cfbundle; includeInIndex = 0; path = mittyTests.xctest; sourceTree = BUILT_PRODUCTS_DIR; };
		F4AEAB171DAD3F2D007DEB80 /* mittyTests.swift */ = {isa = PBXFileReference; lastKnownFileType = sourcecode.swift; path = mittyTests.swift; sourceTree = "<group>"; };
		F4AEAB191DAD3F2D007DEB80 /* Info.plist */ = {isa = PBXFileReference; lastKnownFileType = text.plist.xml; path = Info.plist; sourceTree = "<group>"; };
		F4AEAB1E1DAD3F2D007DEB80 /* mittyUITests.xctest */ = {isa = PBXFileReference; explicitFileType = wrapper.cfbundle; includeInIndex = 0; path = mittyUITests.xctest; sourceTree = BUILT_PRODUCTS_DIR; };
		F4AEAB221DAD3F2D007DEB80 /* mittyUITests.swift */ = {isa = PBXFileReference; lastKnownFileType = sourcecode.swift; path = mittyUITests.swift; sourceTree = "<group>"; };
		F4AEAB241DAD3F2D007DEB80 /* Info.plist */ = {isa = PBXFileReference; lastKnownFileType = text.plist.xml; path = Info.plist; sourceTree = "<group>"; };
		F4BB801D1DAE577300055D48 /* MainTabBarController.swift */ = {isa = PBXFileReference; fileEncoding = 4; lastKnownFileType = sourcecode.swift; path = MainTabBarController.swift; sourceTree = "<group>"; };
		F4BB801F1DAE57A300055D48 /* ActivityViewController.swift */ = {isa = PBXFileReference; fileEncoding = 4; lastKnownFileType = sourcecode.swift; path = ActivityViewController.swift; sourceTree = "<group>"; };
		F4BB80211DAE58E000055D48 /* IslandViewController.swift */ = {isa = PBXFileReference; fileEncoding = 4; lastKnownFileType = sourcecode.swift; path = IslandViewController.swift; sourceTree = "<group>"; };
		F4BB80231DAE58F300055D48 /* SocialViewController.swift */ = {isa = PBXFileReference; fileEncoding = 4; lastKnownFileType = sourcecode.swift; path = SocialViewController.swift; sourceTree = "<group>"; };
		F4BB80251DAE58FE00055D48 /* MyselfViewController.swift */ = {isa = PBXFileReference; fileEncoding = 4; lastKnownFileType = sourcecode.swift; path = MyselfViewController.swift; sourceTree = "<group>"; };
		FC0AF1E61DC4F3F200C76408 /* ApplicationContext.swift */ = {isa = PBXFileReference; fileEncoding = 4; lastKnownFileType = sourcecode.swift; path = ApplicationContext.swift; sourceTree = "<group>"; };
		FC0AF1EC1DC4F61B00C76408 /* Service.swift */ = {isa = PBXFileReference; fileEncoding = 4; lastKnownFileType = sourcecode.swift; path = Service.swift; sourceTree = "<group>"; };
		FC0AF1EE1DC4F63300C76408 /* Datastore.swift */ = {isa = PBXFileReference; fileEncoding = 4; lastKnownFileType = sourcecode.swift; path = Datastore.swift; sourceTree = "<group>"; };
		FC0AF1F01DC4F65100C76408 /* Model.swift */ = {isa = PBXFileReference; fileEncoding = 4; lastKnownFileType = sourcecode.swift; path = Model.swift; sourceTree = "<group>"; };
		FC0AF1FA1DC5087A00C76408 /* social.png */ = {isa = PBXFileReference; lastKnownFileType = image.png; name = social.png; path = images/social.png; sourceTree = "<group>"; };
		FC0AF1FC1DC5088400C76408 /* activity.png */ = {isa = PBXFileReference; lastKnownFileType = image.png; name = activity.png; path = images/activity.png; sourceTree = "<group>"; };
		FC0AF1FE1DC5089C00C76408 /* island.png */ = {isa = PBXFileReference; lastKnownFileType = image.png; name = island.png; path = images/island.png; sourceTree = "<group>"; };
		FC0AF2001DC508A700C76408 /* myself.png */ = {isa = PBXFileReference; lastKnownFileType = image.png; name = myself.png; path = images/myself.png; sourceTree = "<group>"; };
		FC427B801DCACB43009F43AE /* EventCell.swift */ = {isa = PBXFileReference; fileEncoding = 4; lastKnownFileType = sourcecode.swift; path = EventCell.swift; sourceTree = "<group>"; };
		FC427B811DCACB43009F43AE /* HomeViewController.swift */ = {isa = PBXFileReference; fileEncoding = 4; lastKnownFileType = sourcecode.swift; path = HomeViewController.swift; sourceTree = "<group>"; };
		FC427B881DCAFDE1009F43AE /* event1.png */ = {isa = PBXFileReference; lastKnownFileType = image.png; name = event1.png; path = images/event1.png; sourceTree = "<group>"; };
		FC427B891DCAFDE1009F43AE /* event2.png */ = {isa = PBXFileReference; lastKnownFileType = image.png; name = event2.png; path = images/event2.png; sourceTree = "<group>"; };
		FC427B8A1DCAFDE1009F43AE /* event3.png */ = {isa = PBXFileReference; lastKnownFileType = image.png; name = event3.png; path = images/event3.png; sourceTree = "<group>"; };
		FC427B8B1DCAFDE1009F43AE /* event4.png */ = {isa = PBXFileReference; lastKnownFileType = image.png; name = event4.png; path = images/event4.png; sourceTree = "<group>"; };
		FC427B8C1DCAFDE1009F43AE /* event5.png */ = {isa = PBXFileReference; lastKnownFileType = image.png; name = event5.png; path = images/event5.png; sourceTree = "<group>"; };
		FC427B8D1DCAFDE1009F43AE /* event6.png */ = {isa = PBXFileReference; lastKnownFileType = image.png; name = event6.png; path = images/event6.png; sourceTree = "<group>"; };
		FC427B941DCB5BA9009F43AE /* EventDetailViewController.swift */ = {isa = PBXFileReference; fileEncoding = 4; lastKnownFileType = sourcecode.swift; path = EventDetailViewController.swift; sourceTree = "<group>"; };
		FC8D70131DC8D9CD0083E8E4 /* write.png */ = {isa = PBXFileReference; lastKnownFileType = image.png; path = write.png; sourceTree = "<group>"; };
		FC8D70151DC8DCA80083E8E4 /* button.png */ = {isa = PBXFileReference; lastKnownFileType = image.png; path = button.png; sourceTree = "<group>"; };
		FC8D70171DC8F4FF0083E8E4 /* search.png */ = {isa = PBXFileReference; lastKnownFileType = image.png; path = search.png; sourceTree = "<group>"; };
		FCF0BBF21DC7934E009C5C1F /* home.png */ = {isa = PBXFileReference; lastKnownFileType = image.png; name = home.png; path = images/home.png; sourceTree = "<group>"; };
		FCF9575B1DC6146400A52125 /* ViewControllerFactory.swift */ = {isa = PBXFileReference; fileEncoding = 4; lastKnownFileType = sourcecode.swift; path = ViewControllerFactory.swift; sourceTree = "<group>"; };
		FCF9575F1DC6471D00A52125 /* RegisterPersonalInfoViewController.swift */ = {isa = PBXFileReference; fileEncoding = 4; lastKnownFileType = sourcecode.swift; path = RegisterPersonalInfoViewController.swift; sourceTree = "<group>"; };
/* End PBXFileReference section */

/* Begin PBXFrameworksBuildPhase section */
		F4AEAAFC1DAD3F2C007DEB80 /* Frameworks */ = {
			isa = PBXFrameworksBuildPhase;
			buildActionMask = 2147483647;
			files = (
				29588B077CD53C553381DDA6 /* Pods_mitty.framework in Frameworks */,
			);
			runOnlyForDeploymentPostprocessing = 0;
		};
		F4AEAB101DAD3F2C007DEB80 /* Frameworks */ = {
			isa = PBXFrameworksBuildPhase;
			buildActionMask = 2147483647;
			files = (
				062DEF3FE70021E7CF17EEF5 /* Pods_mittyTests.framework in Frameworks */,
			);
			runOnlyForDeploymentPostprocessing = 0;
		};
		F4AEAB1B1DAD3F2D007DEB80 /* Frameworks */ = {
			isa = PBXFrameworksBuildPhase;
			buildActionMask = 2147483647;
			files = (
				4EF66DA6274B45BE5D4399D8 /* Pods_mittyUITests.framework in Frameworks */,
			);
			runOnlyForDeploymentPostprocessing = 0;
		};
/* End PBXFrameworksBuildPhase section */

/* Begin PBXGroup section */
		7DA76871C5D0FD57BEF43B0B /* Pods */ = {
			isa = PBXGroup;
			children = (
				49E68BA6F432E5ECF64B5380 /* Pods-mitty.debug.xcconfig */,
				BB944AF4113670B4F0CAFB2F /* Pods-mitty.release.xcconfig */,
				EBBC4AEDFE4CFDC20643BDFA /* Pods-mittyTests.debug.xcconfig */,
				1EB95DE3B7D0E951A7ECB29A /* Pods-mittyTests.release.xcconfig */,
				2E3D19B86FC21418F9DD2F3F /* Pods-mittyUITests.debug.xcconfig */,
				58191E3D216F1D2D35C946F0 /* Pods-mittyUITests.release.xcconfig */,
			);
			name = Pods;
			sourceTree = "<group>";
		};
		CBA35AD0F61EBE52BBFFF268 /* Frameworks */ = {
			isa = PBXGroup;
			children = (
				61F362287AC99640C55568B9 /* Pods_mitty.framework */,
				2E525DDBBAAAD702F2F3A28B /* Pods_mittyTests.framework */,
				27EA11B20924EA0230A00C2C /* Pods_mittyUITests.framework */,
			);
			name = Frameworks;
			sourceTree = "<group>";
		};
		F41D4E381DAE7FD1003A96AA /* Images */ = {
			isa = PBXGroup;
			children = (
				FC427B881DCAFDE1009F43AE /* event1.png */,
				FC427B891DCAFDE1009F43AE /* event2.png */,
				FC427B8A1DCAFDE1009F43AE /* event3.png */,
				FC427B8B1DCAFDE1009F43AE /* event4.png */,
				FC427B8C1DCAFDE1009F43AE /* event5.png */,
				FC427B8D1DCAFDE1009F43AE /* event6.png */,
				FC8D70171DC8F4FF0083E8E4 /* search.png */,
				FC8D70151DC8DCA80083E8E4 /* button.png */,
				FC8D70131DC8D9CD0083E8E4 /* write.png */,
				FCF0BBF21DC7934E009C5C1F /* home.png */,
				FC0AF1FE1DC5089C00C76408 /* island.png */,
				FC0AF2001DC508A700C76408 /* myself.png */,
				FC0AF1FC1DC5088400C76408 /* activity.png */,
				FC0AF1FA1DC5087A00C76408 /* social.png */,
				F46601EB1DB372760012D898 /* Sample.png */,
				F46601EC1DB372760012D898 /* welcom.png */,
				F41D4E391DAE7FDF003A96AA /* hoge.png */,
			);
			name = Images;
			sourceTree = "<group>";
		};
		F42CDE4B1DCD745D001CAFBE /* Supporting Files */ = {
			isa = PBXGroup;
			children = (
				F42CDE501DCD74A8001CAFBE /* Localizable.strings */,
			);
			name = "Supporting Files";
			sourceTree = "<group>";
		};
		F4AEAAF61DAD3F2C007DEB80 = {
			isa = PBXGroup;
			children = (
				F4AEAB011DAD3F2C007DEB80 /* mitty */,
				F4AEAB161DAD3F2D007DEB80 /* mittyTests */,
				F4AEAB211DAD3F2D007DEB80 /* mittyUITests */,
				F4AEAB001DAD3F2C007DEB80 /* Products */,
				7DA76871C5D0FD57BEF43B0B /* Pods */,
				CBA35AD0F61EBE52BBFFF268 /* Frameworks */,
			);
			sourceTree = "<group>";
		};
		F4AEAB001DAD3F2C007DEB80 /* Products */ = {
			isa = PBXGroup;
			children = (
				F4AEAAFF1DAD3F2C007DEB80 /* mitty.app */,
				F4AEAB131DAD3F2C007DEB80 /* mittyTests.xctest */,
				F4AEAB1E1DAD3F2D007DEB80 /* mittyUITests.xctest */,
			);
			name = Products;
			sourceTree = "<group>";
		};
		F4AEAB011DAD3F2C007DEB80 /* mitty */ = {
			isa = PBXGroup;
			children = (
				FCF957591DC613A100A52125 /* util */,
				FC0AF1E11DC4F24000C76408 /* service */,
				FC0AF1E01DC4F23000C76408 /* datastore */,
				FC0AF1DF1DC4F22600C76408 /* model */,
				FC0AF1DE1DC4F21100C76408 /* view */,
				FC0AF1DD1DC4F20200C76408 /* application */,
				F4AEAB091DAD3F2C007DEB80 /* Assets.xcassets */,
				F4AEAB0E1DAD3F2C007DEB80 /* Info.plist */,
				F41D4E381DAE7FD1003A96AA /* Images */,
				F42CDE4B1DCD745D001CAFBE /* Supporting Files */,
			);
			path = mitty;
			sourceTree = "<group>";
		};
		F4AEAB161DAD3F2D007DEB80 /* mittyTests */ = {
			isa = PBXGroup;
			children = (
				F4AEAB171DAD3F2D007DEB80 /* mittyTests.swift */,
				F4AEAB191DAD3F2D007DEB80 /* Info.plist */,
			);
			path = mittyTests;
			sourceTree = "<group>";
		};
		F4AEAB211DAD3F2D007DEB80 /* mittyUITests */ = {
			isa = PBXGroup;
			children = (
				F4AEAB221DAD3F2D007DEB80 /* mittyUITests.swift */,
				F4AEAB241DAD3F2D007DEB80 /* Info.plist */,
			);
			path = mittyUITests;
			sourceTree = "<group>";
		};
		FC0AF1DD1DC4F20200C76408 /* application */ = {
			isa = PBXGroup;
			children = (
				F4AEAB021DAD3F2C007DEB80 /* AppDelegate.swift */,
				FC0AF1E61DC4F3F200C76408 /* ApplicationContext.swift */,
			);
			name = application;
			sourceTree = "<group>";
		};
		FC0AF1DE1DC4F21100C76408 /* view */ = {
			isa = PBXGroup;
			children = (
				FCF9575A1DC6142000A52125 /* util */,
				FCF777091DC5649B006D2ECA /* home */,
				FC0AF1EB1DC4F57E00C76408 /* myself */,
				FC0AF1EA1DC4F56E00C76408 /* social */,
				FC0AF1E91DC4F56400C76408 /* Island */,
				FC0AF1E81DC4F55400C76408 /* activity */,
				FC0AF1E31DC4F2D800C76408 /* tutorial */,
				FC0AF1E21DC4F2CF00C76408 /* main */,
			);
			name = view;
			sourceTree = "<group>";
		};
		FC0AF1DF1DC4F22600C76408 /* model */ = {
			isa = PBXGroup;
			children = (
				FC0AF1F01DC4F65100C76408 /* Model.swift */,
			);
			name = model;
			sourceTree = "<group>";
		};
		FC0AF1E01DC4F23000C76408 /* datastore */ = {
			isa = PBXGroup;
			children = (
				FC0AF1EE1DC4F63300C76408 /* Datastore.swift */,
			);
			name = datastore;
			sourceTree = "<group>";
		};
		FC0AF1E11DC4F24000C76408 /* service */ = {
			isa = PBXGroup;
			children = (
				FC0AF1EC1DC4F61B00C76408 /* Service.swift */,
			);
			name = service;
			sourceTree = "<group>";
		};
		FC0AF1E21DC4F2CF00C76408 /* main */ = {
			isa = PBXGroup;
			children = (
				F4BB801D1DAE577300055D48 /* MainTabBarController.swift */,
			);
			name = main;
			sourceTree = "<group>";
		};
		FC0AF1E31DC4F2D800C76408 /* tutorial */ = {
			isa = PBXGroup;
			children = (
			);
			name = tutorial;
			sourceTree = "<group>";
		};
		FC0AF1E81DC4F55400C76408 /* activity */ = {
			isa = PBXGroup;
			children = (
				F4BB801F1DAE57A300055D48 /* ActivityViewController.swift */,
			);
			name = activity;
			sourceTree = "<group>";
		};
		FC0AF1E91DC4F56400C76408 /* Island */ = {
			isa = PBXGroup;
			children = (
				F4BB80211DAE58E000055D48 /* IslandViewController.swift */,
			);
			name = Island;
			sourceTree = "<group>";
		};
		FC0AF1EA1DC4F56E00C76408 /* social */ = {
			isa = PBXGroup;
			children = (
				F4BB80231DAE58F300055D48 /* SocialViewController.swift */,
			);
			name = social;
			sourceTree = "<group>";
		};
		FC0AF1EB1DC4F57E00C76408 /* myself */ = {
			isa = PBXGroup;
			children = (
				F4BB80251DAE58FE00055D48 /* MyselfViewController.swift */,
				FCF9575F1DC6471D00A52125 /* RegisterPersonalInfoViewController.swift */,
			);
			name = myself;
			sourceTree = "<group>";
		};
		FCF777091DC5649B006D2ECA /* home */ = {
			isa = PBXGroup;
			children = (
				FC427B801DCACB43009F43AE /* EventCell.swift */,
				FC427B811DCACB43009F43AE /* HomeViewController.swift */,
				FC427B941DCB5BA9009F43AE /* EventDetailViewController.swift */,
			);
			name = home;
			sourceTree = "<group>";
		};
		FCF957591DC613A100A52125 /* util */ = {
			isa = PBXGroup;
			children = (
				F42CDE521DCD7525001CAFBE /* Strings.swift */,
			);
			name = util;
			sourceTree = "<group>";
		};
		FCF9575A1DC6142000A52125 /* util */ = {
			isa = PBXGroup;
			children = (
				FCF9575B1DC6146400A52125 /* ViewControllerFactory.swift */,
			);
			name = util;
			sourceTree = "<group>";
		};
/* End PBXGroup section */

/* Begin PBXNativeTarget section */
		F4AEAAFE1DAD3F2C007DEB80 /* mitty */ = {
			isa = PBXNativeTarget;
			buildConfigurationList = F4AEAB271DAD3F2D007DEB80 /* Build configuration list for PBXNativeTarget "mitty" */;
			buildPhases = (
				A9598A58467858DAB0802E0F /* [CP] Check Pods Manifest.lock */,
				F4AEAAFB1DAD3F2C007DEB80 /* Sources */,
				F4AEAAFC1DAD3F2C007DEB80 /* Frameworks */,
				F4AEAAFD1DAD3F2C007DEB80 /* Resources */,
				2749AC7B789FC2C68C3EA9D3 /* [CP] Embed Pods Frameworks */,
				C6DD22C571057D117108D9EC /* [CP] Copy Pods Resources */,
			);
			buildRules = (
			);
			dependencies = (
			);
			name = mitty;
			productName = mitty;
			productReference = F4AEAAFF1DAD3F2C007DEB80 /* mitty.app */;
			productType = "com.apple.product-type.application";
		};
		F4AEAB121DAD3F2C007DEB80 /* mittyTests */ = {
			isa = PBXNativeTarget;
			buildConfigurationList = F4AEAB2A1DAD3F2D007DEB80 /* Build configuration list for PBXNativeTarget "mittyTests" */;
			buildPhases = (
				53A618E72EDE6B81FDAB8889 /* [CP] Check Pods Manifest.lock */,
				F4AEAB0F1DAD3F2C007DEB80 /* Sources */,
				F4AEAB101DAD3F2C007DEB80 /* Frameworks */,
				F4AEAB111DAD3F2C007DEB80 /* Resources */,
				90690DCFA0973EBF8B142CFC /* [CP] Embed Pods Frameworks */,
				B8A07D6657EA44DB0E53D323 /* [CP] Copy Pods Resources */,
			);
			buildRules = (
			);
			dependencies = (
				F4AEAB151DAD3F2C007DEB80 /* PBXTargetDependency */,
			);
			name = mittyTests;
			productName = mittyTests;
			productReference = F4AEAB131DAD3F2C007DEB80 /* mittyTests.xctest */;
			productType = "com.apple.product-type.bundle.unit-test";
		};
		F4AEAB1D1DAD3F2D007DEB80 /* mittyUITests */ = {
			isa = PBXNativeTarget;
			buildConfigurationList = F4AEAB2D1DAD3F2D007DEB80 /* Build configuration list for PBXNativeTarget "mittyUITests" */;
			buildPhases = (
				9CE78C68FF7522F814EC3C14 /* [CP] Check Pods Manifest.lock */,
				F4AEAB1A1DAD3F2D007DEB80 /* Sources */,
				F4AEAB1B1DAD3F2D007DEB80 /* Frameworks */,
				F4AEAB1C1DAD3F2D007DEB80 /* Resources */,
				FF5637ED5F893A5C129F052E /* [CP] Copy Pods Resources */,
				0193C57877E4252AC741E6D3 /* [CP] Embed Pods Frameworks */,
			);
			buildRules = (
			);
			dependencies = (
				F4AEAB201DAD3F2D007DEB80 /* PBXTargetDependency */,
			);
			name = mittyUITests;
			productName = mittyUITests;
			productReference = F4AEAB1E1DAD3F2D007DEB80 /* mittyUITests.xctest */;
			productType = "com.apple.product-type.bundle.ui-testing";
		};
/* End PBXNativeTarget section */

/* Begin PBXProject section */
		F4AEAAF71DAD3F2C007DEB80 /* Project object */ = {
			isa = PBXProject;
			attributes = {
				LastSwiftUpdateCheck = 0800;
				LastUpgradeCheck = 0800;
				ORGANIZATIONNAME = "GridScale Inc.";
				TargetAttributes = {
					F4AEAAFE1DAD3F2C007DEB80 = {
						CreatedOnToolsVersion = 8.0;
						DevelopmentTeam = 58C95FHL5U;
						ProvisioningStyle = Automatic;
					};
					F4AEAB121DAD3F2C007DEB80 = {
						CreatedOnToolsVersion = 8.0;
						ProvisioningStyle = Automatic;
						TestTargetID = F4AEAAFE1DAD3F2C007DEB80;
					};
					F4AEAB1D1DAD3F2D007DEB80 = {
						CreatedOnToolsVersion = 8.0;
						ProvisioningStyle = Automatic;
						TestTargetID = F4AEAAFE1DAD3F2C007DEB80;
					};
				};
			};
			buildConfigurationList = F4AEAAFA1DAD3F2C007DEB80 /* Build configuration list for PBXProject "mitty" */;
			compatibilityVersion = "Xcode 3.2";
			developmentRegion = English;
			hasScannedForEncodings = 0;
			knownRegions = (
				en,
				Base,
				ja,
			);
			mainGroup = F4AEAAF61DAD3F2C007DEB80;
			productRefGroup = F4AEAB001DAD3F2C007DEB80 /* Products */;
			projectDirPath = "";
			projectRoot = "";
			targets = (
				F4AEAAFE1DAD3F2C007DEB80 /* mitty */,
				F4AEAB121DAD3F2C007DEB80 /* mittyTests */,
				F4AEAB1D1DAD3F2D007DEB80 /* mittyUITests */,
			);
		};
/* End PBXProject section */

/* Begin PBXResourcesBuildPhase section */
		F4AEAAFD1DAD3F2C007DEB80 /* Resources */ = {
			isa = PBXResourcesBuildPhase;
			buildActionMask = 2147483647;
			files = (
				FC8D70161DC8DCA80083E8E4 /* button.png in Resources */,
				F46601ED1DB372760012D898 /* Sample.png in Resources */,
				FC427B901DCAFDE1009F43AE /* event3.png in Resources */,
				FC0AF1FB1DC5087A00C76408 /* social.png in Resources */,
				FCF0BBF31DC7934E009C5C1F /* home.png in Resources */,
				FC427B8E1DCAFDE1009F43AE /* event1.png in Resources */,
				FC427B911DCAFDE1009F43AE /* event4.png in Resources */,
				FC427B8F1DCAFDE1009F43AE /* event2.png in Resources */,
				FC427B921DCAFDE1009F43AE /* event5.png in Resources */,
				F41D4E3A1DAE7FDF003A96AA /* hoge.png in Resources */,
				FC427B931DCAFDE1009F43AE /* event6.png in Resources */,
				F46601EE1DB372760012D898 /* welcom.png in Resources */,
				FC0AF1FD1DC5088400C76408 /* activity.png in Resources */,
				FC8D70181DC8F4FF0083E8E4 /* search.png in Resources */,
				FC0AF2011DC508A700C76408 /* myself.png in Resources */,
				FC0AF1FF1DC5089C00C76408 /* island.png in Resources */,
				F42CDE4E1DCD74A8001CAFBE /* Localizable.strings in Resources */,
				F4AEAB0A1DAD3F2C007DEB80 /* Assets.xcassets in Resources */,
				FC8D70141DC8D9CD0083E8E4 /* write.png in Resources */,
			);
			runOnlyForDeploymentPostprocessing = 0;
		};
		F4AEAB111DAD3F2C007DEB80 /* Resources */ = {
			isa = PBXResourcesBuildPhase;
			buildActionMask = 2147483647;
			files = (
			);
			runOnlyForDeploymentPostprocessing = 0;
		};
		F4AEAB1C1DAD3F2D007DEB80 /* Resources */ = {
			isa = PBXResourcesBuildPhase;
			buildActionMask = 2147483647;
			files = (
			);
			runOnlyForDeploymentPostprocessing = 0;
		};
/* End PBXResourcesBuildPhase section */

/* Begin PBXShellScriptBuildPhase section */
		0193C57877E4252AC741E6D3 /* [CP] Embed Pods Frameworks */ = {
			isa = PBXShellScriptBuildPhase;
			buildActionMask = 2147483647;
			files = (
			);
			inputPaths = (
			);
			name = "[CP] Embed Pods Frameworks";
			outputPaths = (
			);
			runOnlyForDeploymentPostprocessing = 0;
			shellPath = /bin/sh;
			shellScript = "\"${SRCROOT}/Pods/Target Support Files/Pods-mittyUITests/Pods-mittyUITests-frameworks.sh\"\n";
			showEnvVarsInLog = 0;
		};
		2749AC7B789FC2C68C3EA9D3 /* [CP] Embed Pods Frameworks */ = {
			isa = PBXShellScriptBuildPhase;
			buildActionMask = 2147483647;
			files = (
			);
			inputPaths = (
			);
			name = "[CP] Embed Pods Frameworks";
			outputPaths = (
			);
			runOnlyForDeploymentPostprocessing = 0;
			shellPath = /bin/sh;
			shellScript = "\"${SRCROOT}/Pods/Target Support Files/Pods-mitty/Pods-mitty-frameworks.sh\"\n";
			showEnvVarsInLog = 0;
		};
		53A618E72EDE6B81FDAB8889 /* [CP] Check Pods Manifest.lock */ = {
			isa = PBXShellScriptBuildPhase;
			buildActionMask = 2147483647;
			files = (
			);
			inputPaths = (
			);
			name = "[CP] Check Pods Manifest.lock";
			outputPaths = (
			);
			runOnlyForDeploymentPostprocessing = 0;
			shellPath = /bin/sh;
			shellScript = "diff \"${PODS_ROOT}/../Podfile.lock\" \"${PODS_ROOT}/Manifest.lock\" > /dev/null\nif [ $? != 0 ] ; then\n    # print error to STDERR\n    echo \"error: The sandbox is not in sync with the Podfile.lock. Run 'pod install' or update your CocoaPods installation.\" >&2\n    exit 1\nfi\n";
			showEnvVarsInLog = 0;
		};
		90690DCFA0973EBF8B142CFC /* [CP] Embed Pods Frameworks */ = {
			isa = PBXShellScriptBuildPhase;
			buildActionMask = 2147483647;
			files = (
			);
			inputPaths = (
			);
			name = "[CP] Embed Pods Frameworks";
			outputPaths = (
			);
			runOnlyForDeploymentPostprocessing = 0;
			shellPath = /bin/sh;
			shellScript = "\"${SRCROOT}/Pods/Target Support Files/Pods-mittyTests/Pods-mittyTests-frameworks.sh\"\n";
			showEnvVarsInLog = 0;
		};
		9CE78C68FF7522F814EC3C14 /* [CP] Check Pods Manifest.lock */ = {
			isa = PBXShellScriptBuildPhase;
			buildActionMask = 2147483647;
			files = (
			);
			inputPaths = (
			);
			name = "[CP] Check Pods Manifest.lock";
			outputPaths = (
			);
			runOnlyForDeploymentPostprocessing = 0;
			shellPath = /bin/sh;
			shellScript = "diff \"${PODS_ROOT}/../Podfile.lock\" \"${PODS_ROOT}/Manifest.lock\" > /dev/null\nif [ $? != 0 ] ; then\n    # print error to STDERR\n    echo \"error: The sandbox is not in sync with the Podfile.lock. Run 'pod install' or update your CocoaPods installation.\" >&2\n    exit 1\nfi\n";
			showEnvVarsInLog = 0;
		};
		A9598A58467858DAB0802E0F /* [CP] Check Pods Manifest.lock */ = {
			isa = PBXShellScriptBuildPhase;
			buildActionMask = 2147483647;
			files = (
			);
			inputPaths = (
			);
			name = "[CP] Check Pods Manifest.lock";
			outputPaths = (
			);
			runOnlyForDeploymentPostprocessing = 0;
			shellPath = /bin/sh;
			shellScript = "diff \"${PODS_ROOT}/../Podfile.lock\" \"${PODS_ROOT}/Manifest.lock\" > /dev/null\nif [ $? != 0 ] ; then\n    # print error to STDERR\n    echo \"error: The sandbox is not in sync with the Podfile.lock. Run 'pod install' or update your CocoaPods installation.\" >&2\n    exit 1\nfi\n";
			showEnvVarsInLog = 0;
		};
		B8A07D6657EA44DB0E53D323 /* [CP] Copy Pods Resources */ = {
			isa = PBXShellScriptBuildPhase;
			buildActionMask = 2147483647;
			files = (
			);
			inputPaths = (
			);
			name = "[CP] Copy Pods Resources";
			outputPaths = (
			);
			runOnlyForDeploymentPostprocessing = 0;
			shellPath = /bin/sh;
			shellScript = "\"${SRCROOT}/Pods/Target Support Files/Pods-mittyTests/Pods-mittyTests-resources.sh\"\n";
			showEnvVarsInLog = 0;
		};
		C6DD22C571057D117108D9EC /* [CP] Copy Pods Resources */ = {
			isa = PBXShellScriptBuildPhase;
			buildActionMask = 2147483647;
			files = (
			);
			inputPaths = (
			);
			name = "[CP] Copy Pods Resources";
			outputPaths = (
			);
			runOnlyForDeploymentPostprocessing = 0;
			shellPath = /bin/sh;
			shellScript = "\"${SRCROOT}/Pods/Target Support Files/Pods-mitty/Pods-mitty-resources.sh\"\n";
			showEnvVarsInLog = 0;
		};
		FF5637ED5F893A5C129F052E /* [CP] Copy Pods Resources */ = {
			isa = PBXShellScriptBuildPhase;
			buildActionMask = 2147483647;
			files = (
			);
			inputPaths = (
			);
			name = "[CP] Copy Pods Resources";
			outputPaths = (
			);
			runOnlyForDeploymentPostprocessing = 0;
			shellPath = /bin/sh;
			shellScript = "\"${SRCROOT}/Pods/Target Support Files/Pods-mittyUITests/Pods-mittyUITests-resources.sh\"\n";
			showEnvVarsInLog = 0;
		};
/* End PBXShellScriptBuildPhase section */

/* Begin PBXSourcesBuildPhase section */
		F4AEAAFB1DAD3F2C007DEB80 /* Sources */ = {
			isa = PBXSourcesBuildPhase;
			buildActionMask = 2147483647;
			files = (
				F4BB80241DAE58F300055D48 /* SocialViewController.swift in Sources */,
				FC0AF1ED1DC4F61B00C76408 /* Service.swift in Sources */,
				F42CDE531DCD7525001CAFBE /* Strings.swift in Sources */,
				F4BB80261DAE58FE00055D48 /* MyselfViewController.swift in Sources */,
				F4AEAB031DAD3F2C007DEB80 /* AppDelegate.swift in Sources */,
				F4BB80201DAE57A300055D48 /* ActivityViewController.swift in Sources */,
				FC0AF1F11DC4F65100C76408 /* Model.swift in Sources */,
				FC427B951DCB5BA9009F43AE /* EventDetailViewController.swift in Sources */,
				FC0AF1EF1DC4F63300C76408 /* Datastore.swift in Sources */,
				FCF957601DC6471D00A52125 /* RegisterPersonalInfoViewController.swift in Sources */,
				FC427B831DCACB43009F43AE /* HomeViewController.swift in Sources */,
				FC0AF1E71DC4F3F200C76408 /* ApplicationContext.swift in Sources */,
				FCF9575C1DC6146400A52125 /* ViewControllerFactory.swift in Sources */,
				F4BB80221DAE58E000055D48 /* IslandViewController.swift in Sources */,
				F4BB801E1DAE577300055D48 /* MainTabBarController.swift in Sources */,
				FC427B821DCACB43009F43AE /* EventCell.swift in Sources */,
			);
			runOnlyForDeploymentPostprocessing = 0;
		};
		F4AEAB0F1DAD3F2C007DEB80 /* Sources */ = {
			isa = PBXSourcesBuildPhase;
			buildActionMask = 2147483647;
			files = (
				F4AEAB181DAD3F2D007DEB80 /* mittyTests.swift in Sources */,
			);
			runOnlyForDeploymentPostprocessing = 0;
		};
		F4AEAB1A1DAD3F2D007DEB80 /* Sources */ = {
			isa = PBXSourcesBuildPhase;
			buildActionMask = 2147483647;
			files = (
				F4AEAB231DAD3F2D007DEB80 /* mittyUITests.swift in Sources */,
			);
			runOnlyForDeploymentPostprocessing = 0;
		};
/* End PBXSourcesBuildPhase section */

/* Begin PBXTargetDependency section */
		F4AEAB151DAD3F2C007DEB80 /* PBXTargetDependency */ = {
			isa = PBXTargetDependency;
			target = F4AEAAFE1DAD3F2C007DEB80 /* mitty */;
			targetProxy = F4AEAB141DAD3F2C007DEB80 /* PBXContainerItemProxy */;
		};
		F4AEAB201DAD3F2D007DEB80 /* PBXTargetDependency */ = {
			isa = PBXTargetDependency;
			target = F4AEAAFE1DAD3F2C007DEB80 /* mitty */;
			targetProxy = F4AEAB1F1DAD3F2D007DEB80 /* PBXContainerItemProxy */;
		};
/* End PBXTargetDependency section */

/* Begin PBXVariantGroup section */
		F42CDE501DCD74A8001CAFBE /* Localizable.strings */ = {
			isa = PBXVariantGroup;
			children = (
				F42CDE4F1DCD74A8001CAFBE /* en */,
				F42CDE511DCD74D0001CAFBE /* ja */,
			);
			name = Localizable.strings;
			sourceTree = "<group>";
		};
/* End PBXVariantGroup section */

/* Begin XCBuildConfiguration section */
		F4AEAB251DAD3F2D007DEB80 /* Debug */ = {
			isa = XCBuildConfiguration;
			buildSettings = {
				ALWAYS_SEARCH_USER_PATHS = NO;
				CLANG_ANALYZER_LOCALIZABILITY_NONLOCALIZED = YES;
				CLANG_ANALYZER_NONNULL = YES;
				CLANG_CXX_LANGUAGE_STANDARD = "gnu++0x";
				CLANG_CXX_LIBRARY = "libc++";
				CLANG_ENABLE_MODULES = YES;
				CLANG_ENABLE_OBJC_ARC = YES;
				CLANG_WARN_BOOL_CONVERSION = YES;
				CLANG_WARN_CONSTANT_CONVERSION = YES;
				CLANG_WARN_DIRECT_OBJC_ISA_USAGE = YES_ERROR;
				CLANG_WARN_DOCUMENTATION_COMMENTS = YES;
				CLANG_WARN_EMPTY_BODY = YES;
				CLANG_WARN_ENUM_CONVERSION = YES;
				CLANG_WARN_INFINITE_RECURSION = YES;
				CLANG_WARN_INT_CONVERSION = YES;
				CLANG_WARN_OBJC_ROOT_CLASS = YES_ERROR;
				CLANG_WARN_SUSPICIOUS_MOVES = YES;
				CLANG_WARN_UNREACHABLE_CODE = YES;
				CLANG_WARN__DUPLICATE_METHOD_MATCH = YES;
				"CODE_SIGN_IDENTITY[sdk=iphoneos*]" = "iPhone Developer";
				COPY_PHASE_STRIP = NO;
				DEBUG_INFORMATION_FORMAT = dwarf;
				ENABLE_STRICT_OBJC_MSGSEND = YES;
				ENABLE_TESTABILITY = YES;
				GCC_C_LANGUAGE_STANDARD = gnu99;
				GCC_DYNAMIC_NO_PIC = NO;
				GCC_NO_COMMON_BLOCKS = YES;
				GCC_OPTIMIZATION_LEVEL = 0;
				GCC_PREPROCESSOR_DEFINITIONS = (
					"DEBUG=1",
					"$(inherited)",
				);
				GCC_WARN_64_TO_32_BIT_CONVERSION = YES;
				GCC_WARN_ABOUT_RETURN_TYPE = YES_ERROR;
				GCC_WARN_UNDECLARED_SELECTOR = YES;
				GCC_WARN_UNINITIALIZED_AUTOS = YES_AGGRESSIVE;
				GCC_WARN_UNUSED_FUNCTION = YES;
				GCC_WARN_UNUSED_VARIABLE = YES;
				IPHONEOS_DEPLOYMENT_TARGET = 8.0;
				MTL_ENABLE_DEBUG_INFO = YES;
				ONLY_ACTIVE_ARCH = YES;
				SDKROOT = iphoneos;
				SWIFT_ACTIVE_COMPILATION_CONDITIONS = DEBUG;
				SWIFT_OPTIMIZATION_LEVEL = "-Onone";
				SWIFT_VERSION = 2.3;
				TARGETED_DEVICE_FAMILY = "1,2";
			};
			name = Debug;
		};
		F4AEAB261DAD3F2D007DEB80 /* Release */ = {
			isa = XCBuildConfiguration;
			buildSettings = {
				ALWAYS_SEARCH_USER_PATHS = NO;
				CLANG_ANALYZER_LOCALIZABILITY_NONLOCALIZED = YES;
				CLANG_ANALYZER_NONNULL = YES;
				CLANG_CXX_LANGUAGE_STANDARD = "gnu++0x";
				CLANG_CXX_LIBRARY = "libc++";
				CLANG_ENABLE_MODULES = YES;
				CLANG_ENABLE_OBJC_ARC = YES;
				CLANG_WARN_BOOL_CONVERSION = YES;
				CLANG_WARN_CONSTANT_CONVERSION = YES;
				CLANG_WARN_DIRECT_OBJC_ISA_USAGE = YES_ERROR;
				CLANG_WARN_DOCUMENTATION_COMMENTS = YES;
				CLANG_WARN_EMPTY_BODY = YES;
				CLANG_WARN_ENUM_CONVERSION = YES;
				CLANG_WARN_INFINITE_RECURSION = YES;
				CLANG_WARN_INT_CONVERSION = YES;
				CLANG_WARN_OBJC_ROOT_CLASS = YES_ERROR;
				CLANG_WARN_SUSPICIOUS_MOVES = YES;
				CLANG_WARN_UNREACHABLE_CODE = YES;
				CLANG_WARN__DUPLICATE_METHOD_MATCH = YES;
				"CODE_SIGN_IDENTITY[sdk=iphoneos*]" = "iPhone Developer";
				COPY_PHASE_STRIP = NO;
				DEBUG_INFORMATION_FORMAT = "dwarf-with-dsym";
				ENABLE_NS_ASSERTIONS = NO;
				ENABLE_STRICT_OBJC_MSGSEND = YES;
				GCC_C_LANGUAGE_STANDARD = gnu99;
				GCC_NO_COMMON_BLOCKS = YES;
				GCC_WARN_64_TO_32_BIT_CONVERSION = YES;
				GCC_WARN_ABOUT_RETURN_TYPE = YES_ERROR;
				GCC_WARN_UNDECLARED_SELECTOR = YES;
				GCC_WARN_UNINITIALIZED_AUTOS = YES_AGGRESSIVE;
				GCC_WARN_UNUSED_FUNCTION = YES;
				GCC_WARN_UNUSED_VARIABLE = YES;
				IPHONEOS_DEPLOYMENT_TARGET = 8.0;
				MTL_ENABLE_DEBUG_INFO = NO;
				SDKROOT = iphoneos;
				SWIFT_OPTIMIZATION_LEVEL = "-Owholemodule";
				SWIFT_VERSION = 2.3;
				TARGETED_DEVICE_FAMILY = "1,2";
				VALIDATE_PRODUCT = YES;
			};
			name = Release;
		};
		F4AEAB281DAD3F2D007DEB80 /* Debug */ = {
			isa = XCBuildConfiguration;
			baseConfigurationReference = 49E68BA6F432E5ECF64B5380 /* Pods-mitty.debug.xcconfig */;
			buildSettings = {
				ASSETCATALOG_COMPILER_APPICON_NAME = AppIcon;
				DEVELOPMENT_TEAM = 58C95FHL5U;
				INFOPLIST_FILE = mitty/Info.plist;
				IPHONEOS_DEPLOYMENT_TARGET = 8.0;
				LD_RUNPATH_SEARCH_PATHS = "$(inherited) @executable_path/Frameworks";
				PRODUCT_BUNDLE_IDENTIFIER = co.mitty.journey;
				PRODUCT_NAME = "$(TARGET_NAME)";
				SWIFT_VERSION = 3.0;
			};
			name = Debug;
		};
		F4AEAB291DAD3F2D007DEB80 /* Release */ = {
			isa = XCBuildConfiguration;
			baseConfigurationReference = BB944AF4113670B4F0CAFB2F /* Pods-mitty.release.xcconfig */;
			buildSettings = {
				ASSETCATALOG_COMPILER_APPICON_NAME = AppIcon;
				DEVELOPMENT_TEAM = 58C95FHL5U;
				INFOPLIST_FILE = mitty/Info.plist;
				IPHONEOS_DEPLOYMENT_TARGET = 8.0;
				LD_RUNPATH_SEARCH_PATHS = "$(inherited) @executable_path/Frameworks";
				PRODUCT_BUNDLE_IDENTIFIER = co.mitty.journey;
				PRODUCT_NAME = "$(TARGET_NAME)";
				SWIFT_VERSION = 3.0;
			};
			name = Release;
		};
		F4AEAB2B1DAD3F2D007DEB80 /* Debug */ = {
			isa = XCBuildConfiguration;
			baseConfigurationReference = EBBC4AEDFE4CFDC20643BDFA /* Pods-mittyTests.debug.xcconfig */;
			buildSettings = {
				ALWAYS_EMBED_SWIFT_STANDARD_LIBRARIES = YES;
				BUNDLE_LOADER = "$(TEST_HOST)";
				INFOPLIST_FILE = mittyTests/Info.plist;
				LD_RUNPATH_SEARCH_PATHS = "$(inherited) @executable_path/Frameworks @loader_path/Frameworks";
				PRODUCT_BUNDLE_IDENTIFIER = co.mitty.ios.mittyTests;
				PRODUCT_NAME = "$(TARGET_NAME)";
				SWIFT_VERSION = 3.0;
				TEST_HOST = "$(BUILT_PRODUCTS_DIR)/mitty.app/mitty";
			};
			name = Debug;
		};
		F4AEAB2C1DAD3F2D007DEB80 /* Release */ = {
			isa = XCBuildConfiguration;
			baseConfigurationReference = 1EB95DE3B7D0E951A7ECB29A /* Pods-mittyTests.release.xcconfig */;
			buildSettings = {
				ALWAYS_EMBED_SWIFT_STANDARD_LIBRARIES = YES;
				BUNDLE_LOADER = "$(TEST_HOST)";
				INFOPLIST_FILE = mittyTests/Info.plist;
				LD_RUNPATH_SEARCH_PATHS = "$(inherited) @executable_path/Frameworks @loader_path/Frameworks";
				PRODUCT_BUNDLE_IDENTIFIER = co.mitty.ios.mittyTests;
				PRODUCT_NAME = "$(TARGET_NAME)";
				SWIFT_VERSION = 3.0;
				TEST_HOST = "$(BUILT_PRODUCTS_DIR)/mitty.app/mitty";
			};
			name = Release;
		};
		F4AEAB2E1DAD3F2D007DEB80 /* Debug */ = {
			isa = XCBuildConfiguration;
			baseConfigurationReference = 2E3D19B86FC21418F9DD2F3F /* Pods-mittyUITests.debug.xcconfig */;
			buildSettings = {
				ALWAYS_EMBED_SWIFT_STANDARD_LIBRARIES = YES;
				INFOPLIST_FILE = mittyUITests/Info.plist;
				LD_RUNPATH_SEARCH_PATHS = "$(inherited) @executable_path/Frameworks @loader_path/Frameworks";
				PRODUCT_BUNDLE_IDENTIFIER = co.mitty.ios.mittyUITests;
				PRODUCT_NAME = "$(TARGET_NAME)";
				SWIFT_VERSION = 3.0;
				TEST_TARGET_NAME = mitty;
			};
			name = Debug;
		};
		F4AEAB2F1DAD3F2D007DEB80 /* Release */ = {
			isa = XCBuildConfiguration;
			baseConfigurationReference = 58191E3D216F1D2D35C946F0 /* Pods-mittyUITests.release.xcconfig */;
			buildSettings = {
				ALWAYS_EMBED_SWIFT_STANDARD_LIBRARIES = YES;
				INFOPLIST_FILE = mittyUITests/Info.plist;
				LD_RUNPATH_SEARCH_PATHS = "$(inherited) @executable_path/Frameworks @loader_path/Frameworks";
				PRODUCT_BUNDLE_IDENTIFIER = co.mitty.ios.mittyUITests;
				PRODUCT_NAME = "$(TARGET_NAME)";
				SWIFT_VERSION = 3.0;
				TEST_TARGET_NAME = mitty;
			};
			name = Release;
		};
/* End XCBuildConfiguration section */

/* Begin XCConfigurationList section */
		F4AEAAFA1DAD3F2C007DEB80 /* Build configuration list for PBXProject "mitty" */ = {
			isa = XCConfigurationList;
			buildConfigurations = (
				F4AEAB251DAD3F2D007DEB80 /* Debug */,
				F4AEAB261DAD3F2D007DEB80 /* Release */,
			);
			defaultConfigurationIsVisible = 0;
			defaultConfigurationName = Release;
		};
		F4AEAB271DAD3F2D007DEB80 /* Build configuration list for PBXNativeTarget "mitty" */ = {
			isa = XCConfigurationList;
			buildConfigurations = (
				F4AEAB281DAD3F2D007DEB80 /* Debug */,
				F4AEAB291DAD3F2D007DEB80 /* Release */,
			);
			defaultConfigurationIsVisible = 0;
			defaultConfigurationName = Release;
		};
		F4AEAB2A1DAD3F2D007DEB80 /* Build configuration list for PBXNativeTarget "mittyTests" */ = {
			isa = XCConfigurationList;
			buildConfigurations = (
				F4AEAB2B1DAD3F2D007DEB80 /* Debug */,
				F4AEAB2C1DAD3F2D007DEB80 /* Release */,
			);
			defaultConfigurationIsVisible = 0;
			defaultConfigurationName = Release;
		};
		F4AEAB2D1DAD3F2D007DEB80 /* Build configuration list for PBXNativeTarget "mittyUITests" */ = {
			isa = XCConfigurationList;
			buildConfigurations = (
				F4AEAB2E1DAD3F2D007DEB80 /* Debug */,
				F4AEAB2F1DAD3F2D007DEB80 /* Release */,
			);
			defaultConfigurationIsVisible = 0;
			defaultConfigurationName = Release;
		};
/* End XCConfigurationList section */
	};
	rootObject = F4AEAAF71DAD3F2C007DEB80 /* Project object */;
}
